<Solution>
  <Folder Name="/src/">
    <Project Path="src/NaxUpdater.Core/NaxUpdater.Core.csproj" />
    <Project Path="src/NaxUpdater/NaxUpdater.csproj" />
  </Folder>
  <Folder Name="/tests/">
    <Project Path="tests/NaxUpdater.Core.SmokeTests/NaxUpdater.Core.SmokeTests.csproj" />
    <Project Path="tests/NaxUpdater.Core.TransactionTests/NaxUpdater.Core.TransactionTests.csproj" />
  </Folder>
</Solution>
